
Microsoft Visual Studio Solution File, Format Version 12.00
# Visual Studio 15
Project("{FAE04EC0-301F-11D3-BF4B-00C04F79EFBC}") = "Sample-1", "Sample-1\Sample-1.csproj", "{67BAC0D9-A921-4678-BAA6-CC074BE33763}"
EndProject
Project("{2150E333-8FDC-42A3-9474-1A3956D46DE8}") = "SolutionItems", "SolutionItems", "{0CC728AD-278A-4999-A739-7FE0A9B73249}"
	ProjectSection(SolutionItems) = preProject
		Snippets.txt = Snippets.txt
	EndProjectSection
EndProject
Project("{FAE04EC0-301F-11D3-BF4B-00C04F79EFBC}") = "Sample-2", "Sample-2\Sample-2.csproj", "{3641A2FB-D262-4019-B22C-2DBE03E3B177}"
EndProject
Project("{FAE04EC0-301F-11D3-BF4B-00C04F79EFBC}") = "Shared", "Shared\Shared.csproj", "{FE0A91DD-352C-4004-B3C2-B21CAB1C0596}"
EndProject
Project("{FAE04EC0-301F-11D3-BF4B-00C04F79EFBC}") = "Sample-3", "Sample-3\Sample-3.csproj", "{E283F5B8-3098-4BD3-9C7A-AFA93DCB9AB1}"
EndProject
Project("{2150E333-8FDC-42A3-9474-1A3956D46DE8}") = "Samples", "Samples", "{B197B003-943C-410D-BD98-CC39DC89FFD0}"
EndProject
Project("{FAE04EC0-301F-11D3-BF4B-00C04F79EFBC}") = "Demo", "Demo\Demo.csproj", "{85D6B5A5-FFF6-420F-8D8B-C683A7659B5F}"
EndProject
Global
	GlobalSection(SolutionConfigurationPlatforms) = preSolution
		Debug|Any CPU = Debug|Any CPU
		Release|Any CPU = Release|Any CPU
	EndGlobalSection
	GlobalSection(ProjectConfigurationPlatforms) = postSolution
		{67BAC0D9-A921-4678-BAA6-CC074BE33763}.Debug|Any CPU.ActiveCfg = Debug|Any CPU
		{67BAC0D9-A921-4678-BAA6-CC074BE33763}.Debug|Any CPU.Build.0 = Debug|Any CPU
		{67BAC0D9-A921-4678-BAA6-CC074BE33763}.Release|Any CPU.ActiveCfg = Release|Any CPU
		{67BAC0D9-A921-4678-BAA6-CC074BE33763}.Release|Any CPU.Build.0 = Release|Any CPU
		{3641A2FB-D262-4019-B22C-2DBE03E3B177}.Debug|Any CPU.ActiveCfg = Debug|Any CPU
		{3641A2FB-D262-4019-B22C-2DBE03E3B177}.Debug|Any CPU.Build.0 = Debug|Any CPU
		{3641A2FB-D262-4019-B22C-2DBE03E3B177}.Release|Any CPU.ActiveCfg = Release|Any CPU
		{3641A2FB-D262-4019-B22C-2DBE03E3B177}.Release|Any CPU.Build.0 = Release|Any CPU
		{FE0A91DD-352C-4004-B3C2-B21CAB1C0596}.Debug|Any CPU.ActiveCfg = Debug|Any CPU
		{FE0A91DD-352C-4004-B3C2-B21CAB1C0596}.Debug|Any CPU.Build.0 = Debug|Any CPU
		{FE0A91DD-352C-4004-B3C2-B21CAB1C0596}.Release|Any CPU.ActiveCfg = Release|Any CPU
		{FE0A91DD-352C-4004-B3C2-B21CAB1C0596}.Release|Any CPU.Build.0 = Release|Any CPU
		{E283F5B8-3098-4BD3-9C7A-AFA93DCB9AB1}.Debug|Any CPU.ActiveCfg = Debug|Any CPU
		{E283F5B8-3098-4BD3-9C7A-AFA93DCB9AB1}.Debug|Any CPU.Build.0 = Debug|Any CPU
		{E283F5B8-3098-4BD3-9C7A-AFA93DCB9AB1}.Release|Any CPU.ActiveCfg = Release|Any CPU
		{E283F5B8-3098-4BD3-9C7A-AFA93DCB9AB1}.Release|Any CPU.Build.0 = Release|Any CPU
		{85D6B5A5-FFF6-420F-8D8B-C683A7659B5F}.Debug|Any CPU.ActiveCfg = Debug|Any CPU
		{85D6B5A5-FFF6-420F-8D8B-C683A7659B5F}.Debug|Any CPU.Build.0 = Debug|Any CPU
		{85D6B5A5-FFF6-420F-8D8B-C683A7659B5F}.Release|Any CPU.ActiveCfg = Release|Any CPU
		{85D6B5A5-FFF6-420F-8D8B-C683A7659B5F}.Release|Any CPU.Build.0 = Release|Any CPU
	EndGlobalSection
	GlobalSection(NestedProjects) = preSolution
		{67BAC0D9-A921-4678-BAA6-CC074BE33763} = {B197B003-943C-410D-BD98-CC39DC89FFD0}
		{3641A2FB-D262-4019-B22C-2DBE03E3B177} = {B197B003-943C-410D-BD98-CC39DC89FFD0}
		{E283F5B8-3098-4BD3-9C7A-AFA93DCB9AB1} = {B197B003-943C-410D-BD98-CC39DC89FFD0}
	EndGlobalSection
EndGlobal
